{
  "name": "cards",
  "version": "1.0.0",
  "lockfileVersion": 1,
  "requires": true,
  "dependencies": {
    "deck-of-cards": {
      "version": "0.1.8",
      "resolved": "https://registry.npmjs.org/deck-of-cards/-/deck-of-cards-0.1.8.tgz",
      "integrity": "sha1-spJEzBf9GaBONY1P35XRSAJuedI="
    }
  }
}
